{
  "nodes": {
    "home-manager": {
      "inputs": {
        "nixpkgs": [
          "nixpkgs"
        ]
      },
      "locked": {
        "lastModified": 1752814804,
        "narHash": "sha256-irfg7lnfEpJY+3Cffkluzp2MTVw1Uq9QGxFp6qadcXI=",
        "owner": "nix-community",
        "repo": "home-manager",
        "rev": "d0300c8808e41da81d6edfc202f3d3833c157daf",
        "type": "github"
      },
      "original": {
        "owner": "nix-community",
        "repo": "home-manager",
        "type": "github"
      }
    },
    "lxmake": {
      "inputs": {
        "nixpkgs": "nixpkgs"
      },
      "locked": {
        "lastModified": 1748951450,
        "narHash": "sha256-dy1jaGKMbOiO307sI0WAYLw1S9xfMRvlFP7MV+/6cSQ=",
        "owner": "randoragon",
        "repo": "lxmake",
        "rev": "0f4db0d3de4b4cf62e0f5b778eeb5716b6694a91",
        "type": "github"
      },
      "original": {
        "owner": "randoragon",
        "repo": "lxmake",
        "type": "github"
      }
    },
    "lxmake_2": {
      "inputs": {
        "nixpkgs": "nixpkgs_4"
      },
      "locked": {
        "lastModified": 1748946212,
        "narHash": "sha256-utvxHS72BTm8mKpKCNDuUckWd67C8odF/Rp0a8dvQQI=",
        "owner": "randoragon",
        "repo": "lxmake",
        "rev": "a4ee01b93ea31c4f83ff05acd2f8bfd331647639",
        "type": "github"
      },
      "original": {
        "owner": "randoragon",
        "repo": "lxmake",
        "type": "github"
      }
    },
    "music-tools": {
      "inputs": {
        "nixpkgs": "nixpkgs_2"
      },
      "locked": {
        "lastModified": 1753006799,
        "narHash": "sha256-05PbK23LDzkHeYqyH18IP6wKGCjwOHDkydxdh9jVw6Q=",
        "owner": "randoragon",
        "repo": "music-tools",
        "rev": "05977d8df89f510567207eedb4a7d537b139e552",
        "type": "github"
      },
      "original": {
        "owner": "randoragon",
        "repo": "music-tools",
        "type": "github"
      }
    },
    "nix-index-database": {
      "inputs": {
        "nixpkgs": [
          "nixpkgs"
        ]
      },
      "locked": {
        "lastModified": 1752985182,
        "narHash": "sha256-sX8Neff8lp3TCHai6QmgLr5AD8MdsQQX3b52C1DVXR8=",
        "owner": "nix-community",
        "repo": "nix-index-database",
        "rev": "fafdcb505ba605157ff7a7eeea452bc6d6cbc23c",
        "type": "github"
      },
      "original": {
        "owner": "nix-community",
        "repo": "nix-index-database",
        "type": "github"
      }
    },
    "nixpkgs": {
      "locked": {
        "lastModified": 1748693115,
        "narHash": "sha256-StSrWhklmDuXT93yc3GrTlb0cKSS0agTAxMGjLKAsY8=",
        "owner": "nixos",
        "repo": "nixpkgs",
        "rev": "910796cabe436259a29a72e8d3f5e180fc6dfacc",
        "type": "github"
      },
      "original": {
        "owner": "nixos",
        "ref": "nixos-unstable",
        "repo": "nixpkgs",
        "type": "github"
      }
    },
    "nixpkgs-stable": {
      "locked": {
        "lastModified": 1751274312,
        "narHash": "sha256-/bVBlRpECLVzjV19t5KMdMFWSwKLtb5RyXdjz3LJT+g=",
        "owner": "nixos",
        "repo": "nixpkgs",
        "rev": "50ab793786d9de88ee30ec4e4c24fb4236fc2674",
        "type": "github"
      },
      "original": {
        "owner": "nixos",
        "ref": "nixos-24.11",
        "repo": "nixpkgs",
        "type": "github"
      }
    },
    "nixpkgs_2": {
      "locked": {
        "lastModified": 1752950548,
        "narHash": "sha256-NS6BLD0lxOrnCiEOcvQCDVPXafX1/ek1dfJHX1nUIzc=",
        "owner": "nixos",
        "repo": "nixpkgs",
        "rev": "c87b95e25065c028d31a94f06a62927d18763fdf",
        "type": "github"
      },
      "original": {
        "owner": "nixos",
        "ref": "nixos-unstable",
        "repo": "nixpkgs",
        "type": "github"
      }
    },
    "nixpkgs_3": {
      "locked": {
        "lastModified": 1752950548,
        "narHash": "sha256-NS6BLD0lxOrnCiEOcvQCDVPXafX1/ek1dfJHX1nUIzc=",
        "owner": "nixos",
        "repo": "nixpkgs",
        "rev": "c87b95e25065c028d31a94f06a62927d18763fdf",
        "type": "github"
      },
      "original": {
        "owner": "nixos",
        "ref": "nixos-unstable",
        "repo": "nixpkgs",
        "type": "github"
      }
    },
    "nixpkgs_4": {
      "locked": {
        "lastModified": 1748693115,
        "narHash": "sha256-StSrWhklmDuXT93yc3GrTlb0cKSS0agTAxMGjLKAsY8=",
        "owner": "nixos",
        "repo": "nixpkgs",
        "rev": "910796cabe436259a29a72e8d3f5e180fc6dfacc",
        "type": "github"
      },
      "original": {
        "owner": "nixos",
        "ref": "nixos-unstable",
        "repo": "nixpkgs",
        "type": "github"
      }
    },
    "nixpkgs_5": {
      "locked": {
        "lastModified": 1748693115,
        "narHash": "sha256-StSrWhklmDuXT93yc3GrTlb0cKSS0agTAxMGjLKAsY8=",
        "owner": "nixos",
        "repo": "nixpkgs",
        "rev": "910796cabe436259a29a72e8d3f5e180fc6dfacc",
        "type": "github"
      },
      "original": {
        "owner": "nixos",
        "ref": "nixos-unstable",
        "repo": "nixpkgs",
        "type": "github"
      }
    },
    "nixpkgs_6": {
      "locked": {
        "lastModified": 1748693115,
        "narHash": "sha256-StSrWhklmDuXT93yc3GrTlb0cKSS0agTAxMGjLKAsY8=",
        "owner": "nixos",
        "repo": "nixpkgs",
        "rev": "910796cabe436259a29a72e8d3f5e180fc6dfacc",
        "type": "github"
      },
      "original": {
        "owner": "nixos",
        "ref": "nixos-unstable",
        "repo": "nixpkgs",
        "type": "github"
      }
    },
    "nixpkgs_7": {
      "locked": {
        "lastModified": 1748693115,
        "narHash": "sha256-StSrWhklmDuXT93yc3GrTlb0cKSS0agTAxMGjLKAsY8=",
        "owner": "nixos",
        "repo": "nixpkgs",
        "rev": "910796cabe436259a29a72e8d3f5e180fc6dfacc",
        "type": "github"
      },
      "original": {
        "owner": "nixos",
        "ref": "nixos-unstable",
        "repo": "nixpkgs",
        "type": "github"
      }
    },
    "nixpkgs_8": {
      "locked": {
        "lastModified": 1748693115,
        "narHash": "sha256-StSrWhklmDuXT93yc3GrTlb0cKSS0agTAxMGjLKAsY8=",
        "owner": "nixos",
        "repo": "nixpkgs",
        "rev": "910796cabe436259a29a72e8d3f5e180fc6dfacc",
        "type": "github"
      },
      "original": {
        "owner": "nixos",
        "ref": "nixos-unstable",
        "repo": "nixpkgs",
        "type": "github"
      }
    },
    "note": {
      "inputs": {
        "lxmake": "lxmake_2",
        "nixpkgs": "nixpkgs_5",
        "secrets": "secrets"
      },
      "locked": {
        "lastModified": 1748951093,
        "narHash": "sha256-7j2z9UG9afa3jXPPKjyaFweJMD8vJX+68zukaL3ZMQ4=",
        "owner": "randoragon",
        "repo": "note",
        "rev": "5fc65f40538331e468ed3667480e5b9d8ec6d34f",
        "type": "github"
      },
      "original": {
        "owner": "randoragon",
        "repo": "note",
        "type": "github"
      }
    },
    "root": {
      "inputs": {
        "home-manager": "home-manager",
        "lxmake": "lxmake",
        "music-tools": "music-tools",
        "nix-index-database": "nix-index-database",
        "nixpkgs": "nixpkgs_3",
        "nixpkgs-stable": "nixpkgs-stable",
        "note": "note",
        "rsid3": "rsid3",
        "secrets": "secrets_2"
      }
    },
    "rsid3": {
      "inputs": {
        "nixpkgs": "nixpkgs_7"
      },
      "locked": {
        "lastModified": 1748772802,
        "narHash": "sha256-XsTJNzst0+AezAHf0mBsnzlWNoT7piXm2Wl1rAHkGXQ=",
        "owner": "randoragon",
        "repo": "rsid3",
        "rev": "c4917b211255ae9f8bea97125f71652886fa0a67",
        "type": "github"
      },
      "original": {
        "owner": "randoragon",
        "repo": "rsid3",
        "type": "github"
      }
    },
    "secrets": {
      "inputs": {
        "nixpkgs": "nixpkgs_6"
      },
      "locked": {
        "lastModified": 1748946482,
        "narHash": "sha256-mHS966Hh3mVrLYEf06dJxOaBiQEmzqzc57dcdLL6Vl0=",
        "owner": "randoragon",
        "repo": "secrets",
        "rev": "1721693baa0e3bb32f2e58bb6f0339376b622e49",
        "type": "github"
      },
      "original": {
        "owner": "randoragon",
        "repo": "secrets",
        "type": "github"
      }
    },
    "secrets_2": {
      "inputs": {
        "nixpkgs": "nixpkgs_8"
      },
      "locked": {
        "lastModified": 1748946482,
        "narHash": "sha256-mHS966Hh3mVrLYEf06dJxOaBiQEmzqzc57dcdLL6Vl0=",
        "owner": "randoragon",
        "repo": "secrets",
        "rev": "1721693baa0e3bb32f2e58bb6f0339376b622e49",
        "type": "github"
      },
      "original": {
        "owner": "randoragon",
        "repo": "secrets",
        "type": "github"
      }
    }
  },
  "root": "root",
  "version": 7
}
