{
  "nodes": {
    "home-manager": {
      "inputs": {
        "nixpkgs": [
          "nixpkgs"
        ]
      },
      "locked": {
        "lastModified": 1788146656,
        "narHash": "sha256-XmJmvk9rytTb7dCotO/aqR+YysB8HOqnprlOdv+LAF4=",
        "owner": "nix-community",
        "repo": "home-manager",
        "rev": "82c265faf4e3161d6015db07c9b0f1ee36a9029b",
        "type": "github"
      },
      "original": {
        "owner": "nix-community",
        "repo": "home-manager",
        "type": "github"
      }
    },
    "lxmake": {
      "inputs": {
        "nixpkgs": [
          "nixpkgs"
        ]
      },
      "locked": {
        "lastModified": 1768386996,
        "narHash": "sha256-42oil4vaoZEd20o4d02pk/7j0mfQneTwllNzfWEQpCw=",
        "owner": "randoragon",
        "repo": "lxmake",
        "rev": "d120ed3d5fe07f303f64ae36bec0f19b39a94595",
        "type": "github"
      },
      "original": {
        "owner": "randoragon",
        "repo": "lxmake",
        "type": "github"
      }
    },
    "lxmake_2": {
      "inputs": {
        "nixpkgs": "nixpkgs_2"
      },
      "locked": {
        "lastModified": 1767178064,
        "narHash": "sha256-Iz9l+k+hp1MjgutfRvl6MawmhtHghAElaK/zBcJH0mU=",
        "owner": "randoragon",
        "repo": "lxmake",
        "rev": "9a9800cd43ea4ecfe2d738977af01392affb22ac",
        "type": "github"
      },
      "original": {
        "owner": "randoragon",
        "repo": "lxmake",
        "type": "github"
      }
    },
    "music-tools": {
      "inputs": {
        "nixpkgs": [
          "nixpkgs"
        ]
      },
      "locked": {
        "lastModified": 1783295818,
        "narHash": "sha256-tCS2dkP6J7kQ+yvp9aORSb3VE7r2gGgO/SdzGXWXdug=",
        "owner": "randoragon",
        "repo": "music-tools",
        "rev": "6764696e0d2128b1d93b43f3353a9cecb0378778",
        "type": "github"
      },
      "original": {
        "owner": "randoragon",
        "repo": "music-tools",
        "type": "github"
      }
    },
    "nix-index-database": {
      "inputs": {
        "nixpkgs": [
          "nixpkgs"
        ]
      },
      "locked": {
        "lastModified": 1788080100,
        "narHash": "sha256-n14luQo3F/ZLfCEHk1QieiI1nGnW92ZQZeZ0UIb0UMQ=",
        "owner": "nix-community",
        "repo": "nix-index-database",
        "rev": "dbb978fa87faf13398e90ccbc52c343d21c7dd6d",
        "type": "github"
      },
      "original": {
        "owner": "nix-community",
        "repo": "nix-index-database",
        "type": "github"
      }
    },
    "nixpkgs": {
      "locked": {
        "lastModified": 1788039129,
        "narHash": "sha256-pa4Q0qErvCvzCaaUph7Sm37RhR4xvPrYI8Lgz6k85+A=",
        "owner": "nixos",
        "repo": "nixpkgs",
        "rev": "d2f67949798825fe853f7c5d0492b8bf016d3f88",
        "type": "github"
      },
      "original": {
        "owner": "nixos",
        "ref": "nixos-unstable",
        "repo": "nixpkgs",
        "type": "github"
      }
    },
    "nixpkgs-stable": {
      "locked": {
        "lastModified": 1751274312,
        "narHash": "sha256-/bVBlRpECLVzjV19t5KMdMFWSwKLtb5RyXdjz3LJT+g=",
        "owner": "nixos",
        "repo": "nixpkgs",
        "rev": "50ab793786d9de88ee30ec4e4c24fb4236fc2674",
        "type": "github"
      },
      "original": {
        "owner": "nixos",
        "ref": "nixos-24.11",
        "repo": "nixpkgs",
        "type": "github"
      }
    },
    "nixpkgs_2": {
      "locked": {
        "lastModified": 1766902085,
        "narHash": "sha256-coBu0ONtFzlwwVBzmjacUQwj3G+lybcZ1oeNSQkgC0M=",
        "owner": "nixos",
        "repo": "nixpkgs",
        "rev": "c0b0e0fddf73fd517c3471e546c0df87a42d53f4",
        "type": "github"
      },
      "original": {
        "owner": "nixos",
        "ref": "nixos-unstable",
        "repo": "nixpkgs",
        "type": "github"
      }
    },
    "nixpkgs_3": {
      "locked": {
        "lastModified": 1766902085,
        "narHash": "sha256-coBu0ONtFzlwwVBzmjacUQwj3G+lybcZ1oeNSQkgC0M=",
        "owner": "nixos",
        "repo": "nixpkgs",
        "rev": "c0b0e0fddf73fd517c3471e546c0df87a42d53f4",
        "type": "github"
      },
      "original": {
        "owner": "nixos",
        "ref": "nixos-unstable",
        "repo": "nixpkgs",
        "type": "github"
      }
    },
    "note": {
      "inputs": {
        "lxmake": "lxmake_2",
        "nixpkgs": [
          "nixpkgs"
        ],
        "secrets": "secrets"
      },
      "locked": {
        "lastModified": 1768386933,
        "narHash": "sha256-udqWfWQFk6wMGPVJV4NG3Z1X7qKNDkz1BASY1IC1hqU=",
        "owner": "randoragon",
        "repo": "note",
        "rev": "fa01406f482ec879d8a6a84ec731fbe9092e404a",
        "type": "github"
      },
      "original": {
        "owner": "randoragon",
        "repo": "note",
        "type": "github"
      }
    },
    "root": {
      "inputs": {
        "home-manager": "home-manager",
        "lxmake": "lxmake",
        "music-tools": "music-tools",
        "nix-index-database": "nix-index-database",
        "nixpkgs": "nixpkgs",
        "nixpkgs-stable": "nixpkgs-stable",
        "note": "note",
        "rsid3": "rsid3",
        "secrets": "secrets_2"
      }
    },
    "rsid3": {
      "inputs": {
        "nixpkgs": [
          "nixpkgs"
        ]
      },
      "locked": {
        "lastModified": 1787217766,
        "narHash": "sha256-EiMb4HCL0lpJM5VclErBKNCLu3mcn+rTaqT76qcgRok=",
        "owner": "randoragon",
        "repo": "rsid3",
        "rev": "aa7b66ce235c3f819305234a5e9cdc82bc6bb489",
        "type": "github"
      },
      "original": {
        "owner": "randoragon",
        "repo": "rsid3",
        "type": "github"
      }
    },
    "secrets": {
      "inputs": {
        "nixpkgs": "nixpkgs_3"
      },
      "locked": {
        "lastModified": 1767177779,
        "narHash": "sha256-+AZ1iFYudm76papnfdpf28DIzaaRj+rrSHOTaNJaEXg=",
        "owner": "randoragon",
        "repo": "secrets",
        "rev": "17709858207ef7b736c6223bb6da478f3a681ee5",
        "type": "github"
      },
      "original": {
        "owner": "randoragon",
        "repo": "secrets",
        "type": "github"
      }
    },
    "secrets_2": {
      "inputs": {
        "nixpkgs": [
          "nixpkgs"
        ]
      },
      "locked": {
        "lastModified": 1783295672,
        "narHash": "sha256-lgoKPh3z43R/fCLTg68zgWg2LwHUO/vQm8Co0F9BIRo=",
        "owner": "randoragon",
        "repo": "secrets",
        "rev": "992a54970518576c55038c8d8bc776415fd1540a",
        "type": "github"
      },
      "original": {
        "owner": "randoragon",
        "repo": "secrets",
        "type": "github"
      }
    }
  },
  "root": "root",
  "version": 7
}
